
Microsoft Visual Studio Solution File, Format Version 12.00
# Visual Studio Version 17
VisualStudioVersion = 17.2.32616.157
MinimumVisualStudioVersion = 10.0.40219.1
Project("{FAE04EC0-301F-11D3-BF4B-00C04F79EFBC}") = "Watermetter", "Watermetter\Watermetter.csproj", "{71BD0FE0-C814-43F0-A8B5-0354B9A3DA59}"
EndProject
Global
	GlobalSection(SolutionConfigurationPlatforms) = preSolution
		Debug|Any CPU = Debug|Any CPU
		Release|Any CPU = Release|Any CPU
	EndGlobalSection
	GlobalSection(ProjectConfigurationPlatforms) = postSolution
		{71BD0FE0-C814-43F0-A8B5-0354B9A3DA59}.Debug|Any CPU.ActiveCfg = Debug|Any CPU
		{71BD0FE0-C814-43F0-A8B5-0354B9A3DA59}.Debug|Any CPU.Build.0 = Debug|Any CPU
		{71BD0FE0-C814-43F0-A8B5-0354B9A3DA59}.Release|Any CPU.ActiveCfg = Release|Any CPU
		{71BD0FE0-C814-43F0-A8B5-0354B9A3DA59}.Release|Any CPU.Build.0 = Release|Any CPU
	EndGlobalSection
	GlobalSection(SolutionProperties) = preSolution
		HideSolutionNode = FALSE
	EndGlobalSection
	GlobalSection(ExtensibilityGlobals) = postSolution
		SolutionGuid = {8180EEE9-D788-4149-ADA8-A3C83397CACE}
	EndGlobalSection
EndGlobal
